// !$*UTF8*$!
{
	archiveVersion = 1;
	classes = {
	};
	objectVersion = 55;
	objects = {

/* Begin PBXBuildFile section */
		C2FE7C3B286987C80051D660 /* AppDelegate.swift in Sources */ = {isa = PBXBuildFile; fileRef = C2FE7C3A286987C80051D660 /* AppDelegate.swift */; };
		C2FE7C3D286987C80051D660 /* SceneDelegate.swift in Sources */ = {isa = PBXBuildFile; fileRef = C2FE7C3C286987C80051D660 /* SceneDelegate.swift */; };
		C2FE7C3F286987C80051D660 /* ViewController.swift in Sources */ = {isa = PBXBuildFile; fileRef = C2FE7C3E286987C80051D660 /* ViewController.swift */; };
		C2FE7C42286987C80051D660 /* Main.storyboard in Resources */ = {isa = PBXBuildFile; fileRef = C2FE7C40286987C80051D660 /* Main.storyboard */; };
		C2FE7C45286987C80051D660 /* NatureBook.xcdatamodeld in Sources */ = {isa = PBXBuildFile; fileRef = C2FE7C43286987C80051D660 /* NatureBook.xcdatamodeld */; };
		C2FE7C47286987C90051D660 /* Assets.xcassets in Resources */ = {isa = PBXBuildFile; fileRef = C2FE7C46286987C90051D660 /* Assets.xcassets */; };
		C2FE7C4A286987C90051D660 /* LaunchScreen.storyboard in Resources */ = {isa = PBXBuildFile; fileRef = C2FE7C48286987C90051D660 /* LaunchScreen.storyboard */; };
		C2FE7C52286989070051D660 /* ViewController2.swift in Sources */ = {isa = PBXBuildFile; fileRef = C2FE7C51286989070051D660 /* ViewController2.swift */; };
/* End PBXBuildFile section */

/* Begin PBXFileReference section */
		C2FE7C37286987C80051D660 /* NatureBook.app */ = {isa = PBXFileReference; explicitFileType = wrapper.application; includeInIndex = 0; path = NatureBook.app; sourceTree = BUILT_PRODUCTS_DIR; };
		C2FE7C3A286987C80051D660 /* AppDelegate.swift */ = {isa = PBXFileReference; lastKnownFileType = sourcecode.swift; path = AppDelegate.swift; sourceTree = "<group>"; };
		C2FE7C3C286987C80051D660 /* SceneDelegate.swift */ = {isa = PBXFileReference; lastKnownFileType = sourcecode.swift; path = SceneDelegate.swift; sourceTree = "<group>"; };
		C2FE7C3E286987C80051D660 /* ViewController.swift */ = {isa = PBXFileReference; lastKnownFileType = sourcecode.swift; path = ViewController.swift; sourceTree = "<group>"; };
		C2FE7C41286987C80051D660 /* Base */ = {isa = PBXFileReference; lastKnownFileType = file.storyboard; name = Base; path = Base.lproj/Main.storyboard; sourceTree = "<group>"; };
		C2FE7C44286987C80051D660 /* NatureBook.xcdatamodel */ = {isa = PBXFileReference; lastKnownFileType = wrapper.xcdatamodel; path = NatureBook.xcdatamodel; sourceTree = "<group>"; };
		C2FE7C46286987C90051D660 /* Assets.xcassets */ = {isa = PBXFileReference; lastKnownFileType = folder.assetcatalog; path = Assets.xcassets; sourceTree = "<group>"; };
		C2FE7C49286987C90051D660 /* Base */ = {isa = PBXFileReference; lastKnownFileType = file.storyboard; name = Base; path = Base.lproj/LaunchScreen.storyboard; sourceTree = "<group>"; };
		C2FE7C4B286987C90051D660 /* Info.plist */ = {isa = PBXFileReference; lastKnownFileType = text.plist.xml; path = Info.plist; sourceTree = "<group>"; };
		C2FE7C51286989070051D660 /* ViewController2.swift */ = {isa = PBXFileReference; lastKnownFileType = sourcecode.swift; path = ViewController2.swift; sourceTree = "<group>"; };
/* End PBXFileReference section */

/* Begin PBXFrameworksBuildPhase section */
		C2FE7C34286987C80051D660 /* Frameworks */ = {
			isa = PBXFrameworksBuildPhase;
			buildActionMask = 2147483647;
			files = (
			);
			runOnlyForDeploymentPostprocessing = 0;
		};
/* End PBXFrameworksBuildPhase section */

/* Begin PBXGroup section */
		C2FE7C2E286987C80051D660 = {
			isa = PBXGroup;
			children = (
				C2FE7C39286987C80051D660 /* NatureBook */,
				C2FE7C38286987C80051D660 /* Products */,
			);
			sourceTree = "<group>";
		};
		C2FE7C38286987C80051D660 /* Products */ = {
			isa = PBXGroup;
			children = (
				C2FE7C37286987C80051D660 /* NatureBook.app */,
			);
			name = Products;
			sourceTree = "<group>";
		};
		C2FE7C39286987C80051D660 /* NatureBook */ = {
			isa = PBXGroup;
			children = (
				C2FE7C3A286987C80051D660 /* AppDelegate.swift */,
				C2FE7C3C286987C80051D660 /* SceneDelegate.swift */,
				C2FE7C3E286987C80051D660 /* ViewController.swift */,
				C2FE7C51286989070051D660 /* ViewController2.swift */,
				C2FE7C40286987C80051D660 /* Main.storyboard */,
				C2FE7C46286987C90051D660 /* Assets.xcassets */,
				C2FE7C48286987C90051D660 /* LaunchScreen.storyboard */,
				C2FE7C4B286987C90051D660 /* Info.plist */,
				C2FE7C43286987C80051D660 /* NatureBook.xcdatamodeld */,
			);
			path = NatureBook;
			sourceTree = "<group>";
		};
/* End PBXGroup section */

/* Begin PBXNativeTarget section */
		C2FE7C36286987C80051D660 /* NatureBook */ = {
			isa = PBXNativeTarget;
			buildConfigurationList = C2FE7C4E286987C90051D660 /* Build configuration list for PBXNativeTarget "NatureBook" */;
			buildPhases = (
				C2FE7C33286987C80051D660 /* Sources */,
				C2FE7C34286987C80051D660 /* Frameworks */,
				C2FE7C35286987C80051D660 /* Resources */,
			);
			buildRules = (
			);
			dependencies = (
			);
			name = NatureBook;
			productName = NatureBook;
			productReference = C2FE7C37286987C80051D660 /* NatureBook.app */;
			productType = "com.apple.product-type.application";
		};
/* End PBXNativeTarget section */

/* Begin PBXProject section */
		C2FE7C2F286987C80051D660 /* Project object */ = {
			isa = PBXProject;
			attributes = {
				BuildIndependentTargetsInParallel = 1;
				LastSwiftUpdateCheck = 1320;
				LastUpgradeCheck = 1320;
				TargetAttributes = {
					C2FE7C36286987C80051D660 = {
						CreatedOnToolsVersion = 13.2.1;
					};
				};
			};
			buildConfigurationList = C2FE7C32286987C80051D660 /* Build configuration list for PBXProject "NatureBook" */;
			compatibilityVersion = "Xcode 13.0";
			developmentRegion = en;
			hasScannedForEncodings = 0;
			knownRegions = (
				en,
				Base,
			);
			mainGroup = C2FE7C2E286987C80051D660;
			productRefGroup = C2FE7C38286987C80051D660 /* Products */;
			projectDirPath = "";
			projectRoot = "";
			targets = (
				C2FE7C36286987C80051D660 /* NatureBook */,
			);
		};
/* End PBXProject section */

/* Begin PBXResourcesBuildPhase section */
		C2FE7C35286987C80051D660 /* Resources */ = {
			isa = PBXResourcesBuildPhase;
			buildActionMask = 2147483647;
			files = (
				C2FE7C4A286987C90051D660 /* LaunchScreen.storyboard in Resources */,
				C2FE7C47286987C90051D660 /* Assets.xcassets in Resources */,
				C2FE7C42286987C80051D660 /* Main.storyboard in Resources */,
			);
			runOnlyForDeploymentPostprocessing = 0;
		};
/* End PBXResourcesBuildPhase section */

/* Begin PBXSourcesBuildPhase section */
		C2FE7C33286987C80051D660 /* Sources */ = {
			isa = PBXSourcesBuildPhase;
			buildActionMask = 2147483647;
			files = (
				C2FE7C52286989070051D660 /* ViewController2.swift in Sources */,
				C2FE7C3F286987C80051D660 /* ViewController.swift in Sources */,
				C2FE7C45286987C80051D660 /* NatureBook.xcdatamodeld in Sources */,
				C2FE7C3B286987C80051D660 /* AppDelegate.swift in Sources */,
				C2FE7C3D286987C80051D660 /* SceneDelegate.swift in Sources */,
			);
			runOnlyForDeploymentPostprocessing = 0;
		};
/* End PBXSourcesBuildPhase section */

/* Begin PBXVariantGroup section */
		C2FE7C40286987C80051D660 /* Main.storyboard */ = {
			isa = PBXVariantGroup;
			children = (
				C2FE7C41286987C80051D660 /* Base */,
			);
			name = Main.storyboard;
			sourceTree = "<group>";
		};
		C2FE7C48286987C90051D660 /* LaunchScreen.storyboard */ = {
			isa = PBXVariantGroup;
			children = (
				C2FE7C49286987C90051D660 /* Base */,
			);
			name = LaunchScreen.storyboard;
			sourceTree = "<group>";
		};
/* End PBXVariantGroup section */

/* Begin XCBuildConfiguration section */
		C2FE7C4C286987C90051D660 /* Debug */ = {
			isa = XCBuildConfiguration;
			buildSettings = {
				ALWAYS_SEARCH_USER_PATHS = NO;
				CLANG_ANALYZER_NONNULL = YES;
				CLANG_ANALYZER_NUMBER_OBJECT_CONVERSION = YES_AGGRESSIVE;
				CLANG_CXX_LANGUAGE_STANDARD = "gnu++17";
				CLANG_CXX_LIBRARY = "libc++";
				CLANG_ENABLE_MODULES = YES;
				CLANG_ENABLE_OBJC_ARC = YES;
				CLANG_ENABLE_OBJC_WEAK = YES;
				CLANG_WARN_BLOCK_CAPTURE_AUTORELEASING = YES;
				CLANG_WARN_BOOL_CONVERSION = YES;
				CLANG_WARN_COMMA = YES;
				CLANG_WARN_CONSTANT_CONVERSION = YES;
				CLANG_WARN_DEPRECATED_OBJC_IMPLEMENTATIONS = YES;
				CLANG_WARN_DIRECT_OBJC_ISA_USAGE = YES_ERROR;
				CLANG_WARN_DOCUMENTATION_COMMENTS = YES;
				CLANG_WARN_EMPTY_BODY = YES;
				CLANG_WARN_ENUM_CONVERSION = YES;
				CLANG_WARN_INFINITE_RECURSION = YES;
				CLANG_WARN_INT_CONVERSION = YES;
				CLANG_WARN_NON_LITERAL_NULL_CONVERSION = YES;
				CLANG_WARN_OBJC_IMPLICIT_RETAIN_SELF = YES;
				CLANG_WARN_OBJC_LITERAL_CONVERSION = YES;
				CLANG_WARN_OBJC_ROOT_CLASS = YES_ERROR;
				CLANG_WARN_QUOTED_INCLUDE_IN_FRAMEWORK_HEADER = YES;
				CLANG_WARN_RANGE_LOOP_ANALYSIS = YES;
				CLANG_WARN_STRICT_PROTOTYPES = YES;
				CLANG_WARN_SUSPICIOUS_MOVE = YES;
				CLANG_WARN_UNGUARDED_AVAILABILITY = YES_AGGRESSIVE;
				CLANG_WARN_UNREACHABLE_CODE = YES;
				CLANG_WARN__DUPLICATE_METHOD_MATCH = YES;
				COPY_PHASE_STRIP = NO;
				DEBUG_INFORMATION_FORMAT = dwarf;
				ENABLE_STRICT_OBJC_MSGSEND = YES;
				ENABLE_TESTABILITY = YES;
				GCC_C_LANGUAGE_STANDARD = gnu11;
				GCC_DYNAMIC_NO_PIC = NO;
				GCC_NO_COMMON_BLOCKS = YES;
				GCC_OPTIMIZATION_LEVEL = 0;
				GCC_PREPROCESSOR_DEFINITIONS = (
					"DEBUG=1",
					"$(inherited)",
				);
				GCC_WARN_64_TO_32_BIT_CONVERSION = YES;
				GCC_WARN_ABOUT_RETURN_TYPE = YES_ERROR;
				GCC_WARN_UNDECLARED_SELECTOR = YES;
				GCC_WARN_UNINITIALIZED_AUTOS = YES_AGGRESSIVE;
				GCC_WARN_UNUSED_FUNCTION = YES;
				GCC_WARN_UNUSED_VARIABLE = YES;
				IPHONEOS_DEPLOYMENT_TARGET = 15.2;
				MTL_ENABLE_DEBUG_INFO = INCLUDE_SOURCE;
				MTL_FAST_MATH = YES;
				ONLY_ACTIVE_ARCH = YES;
				SDKROOT = iphoneos;
				SWIFT_ACTIVE_COMPILATION_CONDITIONS = DEBUG;
				SWIFT_OPTIMIZATION_LEVEL = "-Onone";
			};
			name = Debug;
		};
		C2FE7C4D286987C90051D660 /* Release */ = {
			isa = XCBuildConfiguration;
			buildSettings = {
				ALWAYS_SEARCH_USER_PATHS = NO;
				CLANG_ANALYZER_NONNULL = YES;
				CLANG_ANALYZER_NUMBER_OBJECT_CONVERSION = YES_AGGRESSIVE;
				CLANG_CXX_LANGUAGE_STANDARD = "gnu++17";
				CLANG_CXX_LIBRARY = "libc++";
				CLANG_ENABLE_MODULES = YES;
				CLANG_ENABLE_OBJC_ARC = YES;
				CLANG_ENABLE_OBJC_WEAK = YES;
				CLANG_WARN_BLOCK_CAPTURE_AUTORELEASING = YES;
				CLANG_WARN_BOOL_CONVERSION = YES;
				CLANG_WARN_COMMA = YES;
				CLANG_WARN_CONSTANT_CONVERSION = YES;
				CLANG_WARN_DEPRECATED_OBJC_IMPLEMENTATIONS = YES;
				CLANG_WARN_DIRECT_OBJC_ISA_USAGE = YES_ERROR;
				CLANG_WARN_DOCUMENTATION_COMMENTS = YES;
				CLANG_WARN_EMPTY_BODY = YES;
				CLANG_WARN_ENUM_CONVERSION = YES;
				CLANG_WARN_INFINITE_RECURSION = YES;
				CLANG_WARN_INT_CONVERSION = YES;
				CLANG_WARN_NON_LITERAL_NULL_CONVERSION = YES;
				CLANG_WARN_OBJC_IMPLICIT_RETAIN_SELF = YES;
				CLANG_WARN_OBJC_LITERAL_CONVERSION = YES;
				CLANG_WARN_OBJC_ROOT_CLASS = YES_ERROR;
				CLANG_WARN_QUOTED_INCLUDE_IN_FRAMEWORK_HEADER = YES;
				CLANG_WARN_RANGE_LOOP_ANALYSIS = YES;
				CLANG_WARN_STRICT_PROTOTYPES = YES;
				CLANG_WARN_SUSPICIOUS_MOVE = YES;
				CLANG_WARN_UNGUARDED_AVAILABILITY = YES_AGGRESSIVE;
				CLANG_WARN_UNREACHABLE_CODE = YES;
				CLANG_WARN__DUPLICATE_METHOD_MATCH = YES;
				COPY_PHASE_STRIP = NO;
				DEBUG_INFORMATION_FORMAT = "dwarf-with-dsym";
				ENABLE_NS_ASSERTIONS = NO;
				ENABLE_STRICT_OBJC_MSGSEND = YES;
				GCC_C_LANGUAGE_STANDARD = gnu11;
				GCC_NO_COMMON_BLOCKS = YES;
				GCC_WARN_64_TO_32_BIT_CONVERSION = YES;
				GCC_WARN_ABOUT_RETURN_TYPE = YES_ERROR;
				GCC_WARN_UNDECLARED_SELECTOR = YES;
				GCC_WARN_UNINITIALIZED_AUTOS = YES_AGGRESSIVE;
				GCC_WARN_UNUSED_FUNCTION = YES;
				GCC_WARN_UNUSED_VARIABLE = YES;
				IPHONEOS_DEPLOYMENT_TARGET = 15.2;
				MTL_ENABLE_DEBUG_INFO = NO;
				MTL_FAST_MATH = YES;
				SDKROOT = iphoneos;
				SWIFT_COMPILATION_MODE = wholemodule;
				SWIFT_OPTIMIZATION_LEVEL = "-O";
				VALIDATE_PRODUCT = YES;
			};
			name = Release;
		};
		C2FE7C4F286987C90051D660 /* Debug */ = {
			isa = XCBuildConfiguration;
			buildSettings = {
				ASSETCATALOG_COMPILER_APPICON_NAME = AppIcon;
				ASSETCATALOG_COMPILER_GLOBAL_ACCENT_COLOR_NAME = AccentColor;
				CODE_SIGN_STYLE = Automatic;
				CURRENT_PROJECT_VERSION = 1;
				DEVELOPMENT_TEAM = Q8J9TP5X2A;
				GENERATE_INFOPLIST_FILE = YES;
				INFOPLIST_FILE = NatureBook/Info.plist;
				INFOPLIST_KEY_UIApplicationSupportsIndirectInputEvents = YES;
				INFOPLIST_KEY_UILaunchStoryboardName = LaunchScreen;
				INFOPLIST_KEY_UIMainStoryboardFile = Main;
				INFOPLIST_KEY_UISupportedInterfaceOrientations_iPad = "UIInterfaceOrientationPortrait UIInterfaceOrientationPortraitUpsideDown UIInterfaceOrientationLandscapeLeft UIInterfaceOrientationLandscapeRight";
				INFOPLIST_KEY_UISupportedInterfaceOrientations_iPhone = "UIInterfaceOrientationPortrait UIInterfaceOrientationLandscapeLeft UIInterfaceOrientationLandscapeRight";
				LD_RUNPATH_SEARCH_PATHS = (
					"$(inherited)",
					"@executable_path/Frameworks",
				);
				MARKETING_VERSION = 1.0;
				PRODUCT_BUNDLE_IDENTIFIER = SamiGiray.NatureBook;
				PRODUCT_NAME = "$(TARGET_NAME)";
				SWIFT_EMIT_LOC_STRINGS = YES;
				SWIFT_VERSION = 5.0;
				TARGETED_DEVICE_FAMILY = "1,2";
			};
			name = Debug;
		};
		C2FE7C50286987C90051D660 /* Release */ = {
			isa = XCBuildConfiguration;
			buildSettings = {
				ASSETCATALOG_COMPILER_APPICON_NAME = AppIcon;
				ASSETCATALOG_COMPILER_GLOBAL_ACCENT_COLOR_NAME = AccentColor;
				CODE_SIGN_STYLE = Automatic;
				CURRENT_PROJECT_VERSION = 1;
				DEVELOPMENT_TEAM = Q8J9TP5X2A;
				GENERATE_INFOPLIST_FILE = YES;
				INFOPLIST_FILE = NatureBook/Info.plist;
				INFOPLIST_KEY_UIApplicationSupportsIndirectInputEvents = YES;
				INFOPLIST_KEY_UILaunchStoryboardName = LaunchScreen;
				INFOPLIST_KEY_UIMainStoryboardFile = Main;
				INFOPLIST_KEY_UISupportedInterfaceOrientations_iPad = "UIInterfaceOrientationPortrait UIInterfaceOrientationPortraitUpsideDown UIInterfaceOrientationLandscapeLeft UIInterfaceOrientationLandscapeRight";
				INFOPLIST_KEY_UISupportedInterfaceOrientations_iPhone = "UIInterfaceOrientationPortrait UIInterfaceOrientationLandscapeLeft UIInterfaceOrientationLandscapeRight";
				LD_RUNPATH_SEARCH_PATHS = (
					"$(inherited)",
					"@executable_path/Frameworks",
				);
				MARKETING_VERSION = 1.0;
				PRODUCT_BUNDLE_IDENTIFIER = SamiGiray.NatureBook;
				PRODUCT_NAME = "$(TARGET_NAME)";
				SWIFT_EMIT_LOC_STRINGS = YES;
				SWIFT_VERSION = 5.0;
				TARGETED_DEVICE_FAMILY = "1,2";
			};
			name = Release;
		};
/* End XCBuildConfiguration section */

/* Begin XCConfigurationList section */
		C2FE7C32286987C80051D660 /* Build configuration list for PBXProject "NatureBook" */ = {
			isa = XCConfigurationList;
			buildConfigurations = (
				C2FE7C4C286987C90051D660 /* Debug */,
				C2FE7C4D286987C90051D660 /* Release */,
			);
			defaultConfigurationIsVisible = 0;
			defaultConfigurationName = Release;
		};
		C2FE7C4E286987C90051D660 /* Build configuration list for PBXNativeTarget "NatureBook" */ = {
			isa = XCConfigurationList;
			buildConfigurations = (
				C2FE7C4F286987C90051D660 /* Debug */,
				C2FE7C50286987C90051D660 /* Release */,
			);
			defaultConfigurationIsVisible = 0;
			defaultConfigurationName = Release;
		};
/* End XCConfigurationList section */

/* Begin XCVersionGroup section */
		C2FE7C43286987C80051D660 /* NatureBook.xcdatamodeld */ = {
			isa = XCVersionGroup;
			children = (
				C2FE7C44286987C80051D660 /* NatureBook.xcdatamodel */,
			);
			currentVersion = C2FE7C44286987C80051D660 /* NatureBook.xcdatamodel */;
			path = NatureBook.xcdatamodeld;
			sourceTree = "<group>";
			versionGroupType = wrapper.xcdatamodel;
		};
/* End XCVersionGroup section */
	};
	rootObject = C2FE7C2F286987C80051D660 /* Project object */;
}
